
Microsoft Visual Studio Solution File, Format Version 12.00
# Visual Studio Version 16
VisualStudioVersion = 16.0.30011.22
MinimumVisualStudioVersion = 10.0.40219.1
Project("{FAE04EC0-301F-11D3-BF4B-00C04F79EFBC}") = "Real_World_Stack", "Real_World_Stack\Real_World_Stack.csproj", "{15ED9281-C272-4EBD-BACB-CAC63D174952}"
EndProject
Global
	GlobalSection(SolutionConfigurationPlatforms) = preSolution
		Debug|Any CPU = Debug|Any CPU
		Release|Any CPU = Release|Any CPU
	EndGlobalSection
	GlobalSection(ProjectConfigurationPlatforms) = postSolution
		{15ED9281-C272-4EBD-BACB-CAC63D174952}.Debug|Any CPU.ActiveCfg = Debug|Any CPU
		{15ED9281-C272-4EBD-BACB-CAC63D174952}.Debug|Any CPU.Build.0 = Debug|Any CPU
		{15ED9281-C272-4EBD-BACB-CAC63D174952}.Release|Any CPU.ActiveCfg = Release|Any CPU
		{15ED9281-C272-4EBD-BACB-CAC63D174952}.Release|Any CPU.Build.0 = Release|Any CPU
	EndGlobalSection
	GlobalSection(SolutionProperties) = preSolution
		HideSolutionNode = FALSE
	EndGlobalSection
	GlobalSection(ExtensibilityGlobals) = postSolution
		SolutionGuid = {B33B1143-6F54-4D08-BF10-9EE7DA549FDF}
	EndGlobalSection
EndGlobal
