
Microsoft Visual Studio Solution File, Format Version 12.00
# Visual Studio 15
Project("{FAE04EC0-301F-11D3-BF4B-00C04F79EFBC}") = "Thread_CallBack", "Thread_CallBack\Thread_CallBack.csproj", "{38686919-3048-492C-93DF-DE17FE36F2AA}"
EndProject
Global
	GlobalSection(SolutionConfigurationPlatforms) = preSolution
		Debug|Any CPU = Debug|Any CPU
		Release|Any CPU = Release|Any CPU
	EndGlobalSection
	GlobalSection(ProjectConfigurationPlatforms) = postSolution
		{38686919-3048-492C-93DF-DE17FE36F2AA}.Debug|Any CPU.ActiveCfg = Debug|Any CPU
		{38686919-3048-492C-93DF-DE17FE36F2AA}.Debug|Any CPU.Build.0 = Debug|Any CPU
		{38686919-3048-492C-93DF-DE17FE36F2AA}.Release|Any CPU.ActiveCfg = Release|Any CPU
		{38686919-3048-492C-93DF-DE17FE36F2AA}.Release|Any CPU.Build.0 = Release|Any CPU
	EndGlobalSection
EndGlobal
