
Microsoft Visual Studio Solution File, Format Version 12.00
# Visual Studio 15
Project("{FAE04EC0-301F-11D3-BF4B-00C04F79EFBC}") = "Anonymous_Methods", "Anonymous_Methods\Anonymous_Methods.csproj", "{57A16C2D-759D-4027-A1D0-FA3FAB28C428}"
EndProject
Global
	GlobalSection(SolutionConfigurationPlatforms) = preSolution
		Debug|Any CPU = Debug|Any CPU
		Release|Any CPU = Release|Any CPU
	EndGlobalSection
	GlobalSection(ProjectConfigurationPlatforms) = postSolution
		{57A16C2D-759D-4027-A1D0-FA3FAB28C428}.Debug|Any CPU.ActiveCfg = Debug|Any CPU
		{57A16C2D-759D-4027-A1D0-FA3FAB28C428}.Debug|Any CPU.Build.0 = Debug|Any CPU
		{57A16C2D-759D-4027-A1D0-FA3FAB28C428}.Release|Any CPU.ActiveCfg = Release|Any CPU
		{57A16C2D-759D-4027-A1D0-FA3FAB28C428}.Release|Any CPU.Build.0 = Release|Any CPU
	EndGlobalSection
EndGlobal
