
Microsoft Visual Studio Solution File, Format Version 12.00
# Visual Studio Version 16
VisualStudioVersion = 16.0.29911.84
MinimumVisualStudioVersion = 10.0.40219.1
Project("{FAE04EC0-301F-11D3-BF4B-00C04F79EFBC}") = "Comments", "Comments\Comments.csproj", "{713A2536-B3E6-4C17-93AA-BACB2457DE24}"
EndProject
Global
	GlobalSection(SolutionConfigurationPlatforms) = preSolution
		Debug|Any CPU = Debug|Any CPU
		Release|Any CPU = Release|Any CPU
	EndGlobalSection
	GlobalSection(ProjectConfigurationPlatforms) = postSolution
		{713A2536-B3E6-4C17-93AA-BACB2457DE24}.Debug|Any CPU.ActiveCfg = Debug|Any CPU
		{713A2536-B3E6-4C17-93AA-BACB2457DE24}.Debug|Any CPU.Build.0 = Debug|Any CPU
		{713A2536-B3E6-4C17-93AA-BACB2457DE24}.Release|Any CPU.ActiveCfg = Release|Any CPU
		{713A2536-B3E6-4C17-93AA-BACB2457DE24}.Release|Any CPU.Build.0 = Release|Any CPU
	EndGlobalSection
	GlobalSection(SolutionProperties) = preSolution
		HideSolutionNode = FALSE
	EndGlobalSection
	GlobalSection(ExtensibilityGlobals) = postSolution
		SolutionGuid = {8DF044B7-2EBF-445F-B2D9-DB16A9C7A473}
	EndGlobalSection
EndGlobal
