
Microsoft Visual Studio Solution File, Format Version 12.00
# Visual Studio Version 16
VisualStudioVersion = 16.0.29911.84
MinimumVisualStudioVersion = 10.0.40219.1
Project("{FAE04EC0-301F-11D3-BF4B-00C04F79EFBC}") = "Do_while_loop", "Do_while_loop\Do_while_loop.csproj", "{8C10115E-CEFF-4239-963B-5DA5A671532E}"
EndProject
Global
	GlobalSection(SolutionConfigurationPlatforms) = preSolution
		Debug|Any CPU = Debug|Any CPU
		Release|Any CPU = Release|Any CPU
	EndGlobalSection
	GlobalSection(ProjectConfigurationPlatforms) = postSolution
		{8C10115E-CEFF-4239-963B-5DA5A671532E}.Debug|Any CPU.ActiveCfg = Debug|Any CPU
		{8C10115E-CEFF-4239-963B-5DA5A671532E}.Debug|Any CPU.Build.0 = Debug|Any CPU
		{8C10115E-CEFF-4239-963B-5DA5A671532E}.Release|Any CPU.ActiveCfg = Release|Any CPU
		{8C10115E-CEFF-4239-963B-5DA5A671532E}.Release|Any CPU.Build.0 = Release|Any CPU
	EndGlobalSection
	GlobalSection(SolutionProperties) = preSolution
		HideSolutionNode = FALSE
	EndGlobalSection
	GlobalSection(ExtensibilityGlobals) = postSolution
		SolutionGuid = {083BDF8F-7672-4FA7-9A7E-F3D74B6CFBEE}
	EndGlobalSection
EndGlobal
