
Microsoft Visual Studio Solution File, Format Version 12.00
# Visual Studio 15
Project("{FAE04EC0-301F-11D3-BF4B-00C04F79EFBC}") = "Func_Delegate", "Func_Delegate\Func_Delegate.csproj", "{4E3050B5-6A2C-48CE-8F06-DF5B313D1B30}"
EndProject
Global
	GlobalSection(SolutionConfigurationPlatforms) = preSolution
		Debug|Any CPU = Debug|Any CPU
		Release|Any CPU = Release|Any CPU
	EndGlobalSection
	GlobalSection(ProjectConfigurationPlatforms) = postSolution
		{4E3050B5-6A2C-48CE-8F06-DF5B313D1B30}.Debug|Any CPU.ActiveCfg = Debug|Any CPU
		{4E3050B5-6A2C-48CE-8F06-DF5B313D1B30}.Debug|Any CPU.Build.0 = Debug|Any CPU
		{4E3050B5-6A2C-48CE-8F06-DF5B313D1B30}.Release|Any CPU.ActiveCfg = Release|Any CPU
		{4E3050B5-6A2C-48CE-8F06-DF5B313D1B30}.Release|Any CPU.Build.0 = Release|Any CPU
	EndGlobalSection
EndGlobal
