
Microsoft Visual Studio Solution File, Format Version 12.00
# Visual Studio 15
Project("{FAE04EC0-301F-11D3-BF4B-00C04F79EFBC}") = "Interfaces", "Interfaces\Interfaces.csproj", "{943249BB-1501-49A7-940F-B492DBE69889}"
EndProject
Global
	GlobalSection(SolutionConfigurationPlatforms) = preSolution
		Debug|Any CPU = Debug|Any CPU
		Release|Any CPU = Release|Any CPU
	EndGlobalSection
	GlobalSection(ProjectConfigurationPlatforms) = postSolution
		{943249BB-1501-49A7-940F-B492DBE69889}.Debug|Any CPU.ActiveCfg = Debug|Any CPU
		{943249BB-1501-49A7-940F-B492DBE69889}.Debug|Any CPU.Build.0 = Debug|Any CPU
		{943249BB-1501-49A7-940F-B492DBE69889}.Release|Any CPU.ActiveCfg = Release|Any CPU
		{943249BB-1501-49A7-940F-B492DBE69889}.Release|Any CPU.Build.0 = Release|Any CPU
	EndGlobalSection
EndGlobal
