
Microsoft Visual Studio Solution File, Format Version 12.00
# Visual Studio 15
Project("{FAE04EC0-301F-11D3-BF4B-00C04F79EFBC}") = "Sort_List_Complex", "Sort_List_Complex\Sort_List_Complex.csproj", "{598513E1-D3B1-4EE4-BF2B-D326DACD1189}"
EndProject
Global
	GlobalSection(SolutionConfigurationPlatforms) = preSolution
		Debug|Any CPU = Debug|Any CPU
		Release|Any CPU = Release|Any CPU
	EndGlobalSection
	GlobalSection(ProjectConfigurationPlatforms) = postSolution
		{598513E1-D3B1-4EE4-BF2B-D326DACD1189}.Debug|Any CPU.ActiveCfg = Debug|Any CPU
		{598513E1-D3B1-4EE4-BF2B-D326DACD1189}.Debug|Any CPU.Build.0 = Debug|Any CPU
		{598513E1-D3B1-4EE4-BF2B-D326DACD1189}.Release|Any CPU.ActiveCfg = Release|Any CPU
		{598513E1-D3B1-4EE4-BF2B-D326DACD1189}.Release|Any CPU.Build.0 = Release|Any CPU
	EndGlobalSection
EndGlobal
