
Microsoft Visual Studio Solution File, Format Version 12.00
# Visual Studio 15
Project("{FAE04EC0-301F-11D3-BF4B-00C04F79EFBC}") = "Inner_Exceptions", "Inner_Exceptions\Inner_Exceptions.csproj", "{3FF5F06E-6D38-4A8F-B7AE-5716764F4A25}"
EndProject
Global
	GlobalSection(SolutionConfigurationPlatforms) = preSolution
		Debug|Any CPU = Debug|Any CPU
		Release|Any CPU = Release|Any CPU
	EndGlobalSection
	GlobalSection(ProjectConfigurationPlatforms) = postSolution
		{3FF5F06E-6D38-4A8F-B7AE-5716764F4A25}.Debug|Any CPU.ActiveCfg = Debug|Any CPU
		{3FF5F06E-6D38-4A8F-B7AE-5716764F4A25}.Debug|Any CPU.Build.0 = Debug|Any CPU
		{3FF5F06E-6D38-4A8F-B7AE-5716764F4A25}.Release|Any CPU.ActiveCfg = Release|Any CPU
		{3FF5F06E-6D38-4A8F-B7AE-5716764F4A25}.Release|Any CPU.Build.0 = Release|Any CPU
	EndGlobalSection
EndGlobal
