
Microsoft Visual Studio Solution File, Format Version 12.00
# Visual Studio 15
Project("{FAE04EC0-301F-11D3-BF4B-00C04F79EFBC}") = "Threadstart_Delegate", "Threadstart_Delegate\Threadstart_Delegate.csproj", "{AD63C2F7-7871-413B-96BF-A289D7B3169C}"
EndProject
Global
	GlobalSection(SolutionConfigurationPlatforms) = preSolution
		Debug|Any CPU = Debug|Any CPU
		Release|Any CPU = Release|Any CPU
	EndGlobalSection
	GlobalSection(ProjectConfigurationPlatforms) = postSolution
		{AD63C2F7-7871-413B-96BF-A289D7B3169C}.Debug|Any CPU.ActiveCfg = Debug|Any CPU
		{AD63C2F7-7871-413B-96BF-A289D7B3169C}.Debug|Any CPU.Build.0 = Debug|Any CPU
		{AD63C2F7-7871-413B-96BF-A289D7B3169C}.Release|Any CPU.ActiveCfg = Release|Any CPU
		{AD63C2F7-7871-413B-96BF-A289D7B3169C}.Release|Any CPU.Build.0 = Release|Any CPU
	EndGlobalSection
EndGlobal
