
Microsoft Visual Studio Solution File, Format Version 12.00
# Visual Studio 15
Project("{FAE04EC0-301F-11D3-BF4B-00C04F79EFBC}") = "Parameterized_Threadstart", "Parameterized_Threadstart\Parameterized_Threadstart.csproj", "{E7B27205-CE51-48C3-B789-BB572112BFDD}"
EndProject
Global
	GlobalSection(SolutionConfigurationPlatforms) = preSolution
		Debug|Any CPU = Debug|Any CPU
		Release|Any CPU = Release|Any CPU
	EndGlobalSection
	GlobalSection(ProjectConfigurationPlatforms) = postSolution
		{E7B27205-CE51-48C3-B789-BB572112BFDD}.Debug|Any CPU.ActiveCfg = Debug|Any CPU
		{E7B27205-CE51-48C3-B789-BB572112BFDD}.Debug|Any CPU.Build.0 = Debug|Any CPU
		{E7B27205-CE51-48C3-B789-BB572112BFDD}.Release|Any CPU.ActiveCfg = Release|Any CPU
		{E7B27205-CE51-48C3-B789-BB572112BFDD}.Release|Any CPU.Build.0 = Release|Any CPU
	EndGlobalSection
EndGlobal
